
Microsoft Visual Studio Solution File, Format Version 12.00
# Visual Studio Version 17
VisualStudioVersion = 17.0.31903.59
MinimumVisualStudioVersion = 10.0.40219.1
Project("{2150E333-8FDC-42A3-9474-1A3956D46DE8}") = "src", "src", "{827E0CD3-B72D-47B6-A68D-7590B98EB39B}"
EndProject
Project("{FAE04EC0-301F-11D3-BF4B-00C04F79EFBC}") = "TheSpectre.ApiEnvelope", "src\TheSpectre.ApiEnvelope\TheSpectre.ApiEnvelope.csproj", "{680D4A9A-D92F-4573-A71F-B0CE0F918F2E}"
EndProject
Project("{2150E333-8FDC-42A3-9474-1A3956D46DE8}") = "tests", "tests", "{0AB3BF05-4346-4AA6-1389-037BE0695223}"
EndProject
Project("{FAE04EC0-301F-11D3-BF4B-00C04F79EFBC}") = "TheSpectre.ApiEnvelope.Tests", "tests\TheSpectre.ApiEnvelope.Tests\TheSpectre.ApiEnvelope.Tests.csproj", "{792C55E2-64C6-4F19-A08F-0C12D2595911}"
EndProject
Project("{FAE04EC0-301F-11D3-BF4B-00C04F79EFBC}") = "TheSpectre.ApiEnvelope.AspNetCore", "src\TheSpectre.ApiEnvelope.AspNetCore\TheSpectre.ApiEnvelope.AspNetCore.csproj", "{8AAA9BEF-FED0-41F3-BD58-B8F31F5B0583}"
EndProject
Project("{FAE04EC0-301F-11D3-BF4B-00C04F79EFBC}") = "TheSpectre.ApiEnvelope.AspNetCore.Tests", "tests\TheSpectre.ApiEnvelope.AspNetCore.Tests\TheSpectre.ApiEnvelope.AspNetCore.Tests.csproj", "{BC8FE209-FAC6-458B-8346-8F6C5D4DA78D}"
EndProject
Project("{FAE04EC0-301F-11D3-BF4B-00C04F79EFBC}") = "TheSpectre.ApiEnvelope.FluentValidation", "src\TheSpectre.ApiEnvelope.FluentValidation\TheSpectre.ApiEnvelope.FluentValidation.csproj", "{F07FB549-AC4C-4011-A37B-9D97F3DC9CA4}"
EndProject
Project("{FAE04EC0-301F-11D3-BF4B-00C04F79EFBC}") = "TheSpectre.ApiEnvelope.FluentValidation.Tests", "tests\TheSpectre.ApiEnvelope.FluentValidation.Tests\TheSpectre.ApiEnvelope.FluentValidation.Tests.csproj", "{CBB128F2-8CF3-4451-BABA-052D0D1B22C0}"
EndProject
Project("{FAE04EC0-301F-11D3-BF4B-00C04F79EFBC}") = "TheSpectre.ApiEnvelope.DataAnnotations", "src\TheSpectre.ApiEnvelope.DataAnnotations\TheSpectre.ApiEnvelope.DataAnnotations.csproj", "{F584E048-A602-4852-A4B7-1A1BA7CB5929}"
EndProject
Project("{FAE04EC0-301F-11D3-BF4B-00C04F79EFBC}") = "TheSpectre.ApiEnvelope.DataAnnotations.Tests", "tests\TheSpectre.ApiEnvelope.DataAnnotations.Tests\TheSpectre.ApiEnvelope.DataAnnotations.Tests.csproj", "{46F2A782-7E07-4D29-9272-1C584075EE95}"
EndProject
Project("{FAE04EC0-301F-11D3-BF4B-00C04F79EFBC}") = "TheSpectre.ApiEnvelope.EntityFrameworkCore", "src\TheSpectre.ApiEnvelope.EntityFrameworkCore\TheSpectre.ApiEnvelope.EntityFrameworkCore.csproj", "{BA890F8C-57F1-4FC0-BF3D-241DA0DDD523}"
EndProject
Project("{FAE04EC0-301F-11D3-BF4B-00C04F79EFBC}") = "TheSpectre.ApiEnvelope.EntityFrameworkCore.Tests", "tests\TheSpectre.ApiEnvelope.EntityFrameworkCore.Tests\TheSpectre.ApiEnvelope.EntityFrameworkCore.Tests.csproj", "{357EC942-74DE-4FA3-A6BF-36684D1EAC81}"
EndProject
Global
	GlobalSection(SolutionConfigurationPlatforms) = preSolution
		Debug|Any CPU = Debug|Any CPU
		Debug|x64 = Debug|x64
		Debug|x86 = Debug|x86
		Release|Any CPU = Release|Any CPU
		Release|x64 = Release|x64
		Release|x86 = Release|x86
	EndGlobalSection
	GlobalSection(ProjectConfigurationPlatforms) = postSolution
		{680D4A9A-D92F-4573-A71F-B0CE0F918F2E}.Debug|Any CPU.ActiveCfg = Debug|Any CPU
		{680D4A9A-D92F-4573-A71F-B0CE0F918F2E}.Debug|Any CPU.Build.0 = Debug|Any CPU
		{680D4A9A-D92F-4573-A71F-B0CE0F918F2E}.Debug|x64.ActiveCfg = Debug|Any CPU
		{680D4A9A-D92F-4573-A71F-B0CE0F918F2E}.Debug|x64.Build.0 = Debug|Any CPU
		{680D4A9A-D92F-4573-A71F-B0CE0F918F2E}.Debug|x86.ActiveCfg = Debug|Any CPU
		{680D4A9A-D92F-4573-A71F-B0CE0F918F2E}.Debug|x86.Build.0 = Debug|Any CPU
		{680D4A9A-D92F-4573-A71F-B0CE0F918F2E}.Release|Any CPU.ActiveCfg = Release|Any CPU
		{680D4A9A-D92F-4573-A71F-B0CE0F918F2E}.Release|Any CPU.Build.0 = Release|Any CPU
		{680D4A9A-D92F-4573-A71F-B0CE0F918F2E}.Release|x64.ActiveCfg = Release|Any CPU
		{680D4A9A-D92F-4573-A71F-B0CE0F918F2E}.Release|x64.Build.0 = Release|Any CPU
		{680D4A9A-D92F-4573-A71F-B0CE0F918F2E}.Release|x86.ActiveCfg = Release|Any CPU
		{680D4A9A-D92F-4573-A71F-B0CE0F918F2E}.Release|x86.Build.0 = Release|Any CPU
		{792C55E2-64C6-4F19-A08F-0C12D2595911}.Debug|Any CPU.ActiveCfg = Debug|Any CPU
		{792C55E2-64C6-4F19-A08F-0C12D2595911}.Debug|Any CPU.Build.0 = Debug|Any CPU
		{792C55E2-64C6-4F19-A08F-0C12D2595911}.Debug|x64.ActiveCfg = Debug|Any CPU
		{792C55E2-64C6-4F19-A08F-0C12D2595911}.Debug|x64.Build.0 = Debug|Any CPU
		{792C55E2-64C6-4F19-A08F-0C12D2595911}.Debug|x86.ActiveCfg = Debug|Any CPU
		{792C55E2-64C6-4F19-A08F-0C12D2595911}.Debug|x86.Build.0 = Debug|Any CPU
		{792C55E2-64C6-4F19-A08F-0C12D2595911}.Release|Any CPU.ActiveCfg = Release|Any CPU
		{792C55E2-64C6-4F19-A08F-0C12D2595911}.Release|Any CPU.Build.0 = Release|Any CPU
		{792C55E2-64C6-4F19-A08F-0C12D2595911}.Release|x64.ActiveCfg = Release|Any CPU
		{792C55E2-64C6-4F19-A08F-0C12D2595911}.Release|x64.Build.0 = Release|Any CPU
		{792C55E2-64C6-4F19-A08F-0C12D2595911}.Release|x86.ActiveCfg = Release|Any CPU
		{792C55E2-64C6-4F19-A08F-0C12D2595911}.Release|x86.Build.0 = Release|Any CPU
		{8AAA9BEF-FED0-41F3-BD58-B8F31F5B0583}.Debug|Any CPU.ActiveCfg = Debug|Any CPU
		{8AAA9BEF-FED0-41F3-BD58-B8F31F5B0583}.Debug|Any CPU.Build.0 = Debug|Any CPU
		{8AAA9BEF-FED0-41F3-BD58-B8F31F5B0583}.Debug|x64.ActiveCfg = Debug|Any CPU
		{8AAA9BEF-FED0-41F3-BD58-B8F31F5B0583}.Debug|x64.Build.0 = Debug|Any CPU
		{8AAA9BEF-FED0-41F3-BD58-B8F31F5B0583}.Debug|x86.ActiveCfg = Debug|Any CPU
		{8AAA9BEF-FED0-41F3-BD58-B8F31F5B0583}.Debug|x86.Build.0 = Debug|Any CPU
		{8AAA9BEF-FED0-41F3-BD58-B8F31F5B0583}.Release|Any CPU.ActiveCfg = Release|Any CPU
		{8AAA9BEF-FED0-41F3-BD58-B8F31F5B0583}.Release|Any CPU.Build.0 = Release|Any CPU
		{8AAA9BEF-FED0-41F3-BD58-B8F31F5B0583}.Release|x64.ActiveCfg = Release|Any CPU
		{8AAA9BEF-FED0-41F3-BD58-B8F31F5B0583}.Release|x64.Build.0 = Release|Any CPU
		{8AAA9BEF-FED0-41F3-BD58-B8F31F5B0583}.Release|x86.ActiveCfg = Release|Any CPU
		{8AAA9BEF-FED0-41F3-BD58-B8F31F5B0583}.Release|x86.Build.0 = Release|Any CPU
		{BC8FE209-FAC6-458B-8346-8F6C5D4DA78D}.Debug|Any CPU.ActiveCfg = Debug|Any CPU
		{BC8FE209-FAC6-458B-8346-8F6C5D4DA78D}.Debug|Any CPU.Build.0 = Debug|Any CPU
		{BC8FE209-FAC6-458B-8346-8F6C5D4DA78D}.Debug|x64.ActiveCfg = Debug|Any CPU
		{BC8FE209-FAC6-458B-8346-8F6C5D4DA78D}.Debug|x64.Build.0 = Debug|Any CPU
		{BC8FE209-FAC6-458B-8346-8F6C5D4DA78D}.Debug|x86.ActiveCfg = Debug|Any CPU
		{BC8FE209-FAC6-458B-8346-8F6C5D4DA78D}.Debug|x86.Build.0 = Debug|Any CPU
		{BC8FE209-FAC6-458B-8346-8F6C5D4DA78D}.Release|Any CPU.ActiveCfg = Release|Any CPU
		{BC8FE209-FAC6-458B-8346-8F6C5D4DA78D}.Release|Any CPU.Build.0 = Release|Any CPU
		{BC8FE209-FAC6-458B-8346-8F6C5D4DA78D}.Release|x64.ActiveCfg = Release|Any CPU
		{BC8FE209-FAC6-458B-8346-8F6C5D4DA78D}.Release|x64.Build.0 = Release|Any CPU
		{BC8FE209-FAC6-458B-8346-8F6C5D4DA78D}.Release|x86.ActiveCfg = Release|Any CPU
		{BC8FE209-FAC6-458B-8346-8F6C5D4DA78D}.Release|x86.Build.0 = Release|Any CPU
		{F07FB549-AC4C-4011-A37B-9D97F3DC9CA4}.Debug|Any CPU.ActiveCfg = Debug|Any CPU
		{F07FB549-AC4C-4011-A37B-9D97F3DC9CA4}.Debug|Any CPU.Build.0 = Debug|Any CPU
		{F07FB549-AC4C-4011-A37B-9D97F3DC9CA4}.Debug|x64.ActiveCfg = Debug|Any CPU
		{F07FB549-AC4C-4011-A37B-9D97F3DC9CA4}.Debug|x64.Build.0 = Debug|Any CPU
		{F07FB549-AC4C-4011-A37B-9D97F3DC9CA4}.Debug|x86.ActiveCfg = Debug|Any CPU
		{F07FB549-AC4C-4011-A37B-9D97F3DC9CA4}.Debug|x86.Build.0 = Debug|Any CPU
		{F07FB549-AC4C-4011-A37B-9D97F3DC9CA4}.Release|Any CPU.ActiveCfg = Release|Any CPU
		{F07FB549-AC4C-4011-A37B-9D97F3DC9CA4}.Release|Any CPU.Build.0 = Release|Any CPU
		{F07FB549-AC4C-4011-A37B-9D97F3DC9CA4}.Release|x64.ActiveCfg = Release|Any CPU
		{F07FB549-AC4C-4011-A37B-9D97F3DC9CA4}.Release|x64.Build.0 = Release|Any CPU
		{F07FB549-AC4C-4011-A37B-9D97F3DC9CA4}.Release|x86.ActiveCfg = Release|Any CPU
		{F07FB549-AC4C-4011-A37B-9D97F3DC9CA4}.Release|x86.Build.0 = Release|Any CPU
		{CBB128F2-8CF3-4451-BABA-052D0D1B22C0}.Debug|Any CPU.ActiveCfg = Debug|Any CPU
		{CBB128F2-8CF3-4451-BABA-052D0D1B22C0}.Debug|Any CPU.Build.0 = Debug|Any CPU
		{CBB128F2-8CF3-4451-BABA-052D0D1B22C0}.Debug|x64.ActiveCfg = Debug|Any CPU
		{CBB128F2-8CF3-4451-BABA-052D0D1B22C0}.Debug|x64.Build.0 = Debug|Any CPU
		{CBB128F2-8CF3-4451-BABA-052D0D1B22C0}.Debug|x86.ActiveCfg = Debug|Any CPU
		{CBB128F2-8CF3-4451-BABA-052D0D1B22C0}.Debug|x86.Build.0 = Debug|Any CPU
		{CBB128F2-8CF3-4451-BABA-052D0D1B22C0}.Release|Any CPU.ActiveCfg = Release|Any CPU
		{CBB128F2-8CF3-4451-BABA-052D0D1B22C0}.Release|Any CPU.Build.0 = Release|Any CPU
		{CBB128F2-8CF3-4451-BABA-052D0D1B22C0}.Release|x64.ActiveCfg = Release|Any CPU
		{CBB128F2-8CF3-4451-BABA-052D0D1B22C0}.Release|x64.Build.0 = Release|Any CPU
		{CBB128F2-8CF3-4451-BABA-052D0D1B22C0}.Release|x86.ActiveCfg = Release|Any CPU
		{CBB128F2-8CF3-4451-BABA-052D0D1B22C0}.Release|x86.Build.0 = Release|Any CPU
		{F584E048-A602-4852-A4B7-1A1BA7CB5929}.Debug|Any CPU.ActiveCfg = Debug|Any CPU
		{F584E048-A602-4852-A4B7-1A1BA7CB5929}.Debug|Any CPU.Build.0 = Debug|Any CPU
		{F584E048-A602-4852-A4B7-1A1BA7CB5929}.Debug|x64.ActiveCfg = Debug|Any CPU
		{F584E048-A602-4852-A4B7-1A1BA7CB5929}.Debug|x64.Build.0 = Debug|Any CPU
		{F584E048-A602-4852-A4B7-1A1BA7CB5929}.Debug|x86.ActiveCfg = Debug|Any CPU
		{F584E048-A602-4852-A4B7-1A1BA7CB5929}.Debug|x86.Build.0 = Debug|Any CPU
		{F584E048-A602-4852-A4B7-1A1BA7CB5929}.Release|Any CPU.ActiveCfg = Release|Any CPU
		{F584E048-A602-4852-A4B7-1A1BA7CB5929}.Release|Any CPU.Build.0 = Release|Any CPU
		{F584E048-A602-4852-A4B7-1A1BA7CB5929}.Release|x64.ActiveCfg = Release|Any CPU
		{F584E048-A602-4852-A4B7-1A1BA7CB5929}.Release|x64.Build.0 = Release|Any CPU
		{F584E048-A602-4852-A4B7-1A1BA7CB5929}.Release|x86.ActiveCfg = Release|Any CPU
		{F584E048-A602-4852-A4B7-1A1BA7CB5929}.Release|x86.Build.0 = Release|Any CPU
		{46F2A782-7E07-4D29-9272-1C584075EE95}.Debug|Any CPU.ActiveCfg = Debug|Any CPU
		{46F2A782-7E07-4D29-9272-1C584075EE95}.Debug|Any CPU.Build.0 = Debug|Any CPU
		{46F2A782-7E07-4D29-9272-1C584075EE95}.Debug|x64.ActiveCfg = Debug|Any CPU
		{46F2A782-7E07-4D29-9272-1C584075EE95}.Debug|x64.Build.0 = Debug|Any CPU
		{46F2A782-7E07-4D29-9272-1C584075EE95}.Debug|x86.ActiveCfg = Debug|Any CPU
		{46F2A782-7E07-4D29-9272-1C584075EE95}.Debug|x86.Build.0 = Debug|Any CPU
		{46F2A782-7E07-4D29-9272-1C584075EE95}.Release|Any CPU.ActiveCfg = Release|Any CPU
		{46F2A782-7E07-4D29-9272-1C584075EE95}.Release|Any CPU.Build.0 = Release|Any CPU
		{46F2A782-7E07-4D29-9272-1C584075EE95}.Release|x64.ActiveCfg = Release|Any CPU
		{46F2A782-7E07-4D29-9272-1C584075EE95}.Release|x64.Build.0 = Release|Any CPU
		{46F2A782-7E07-4D29-9272-1C584075EE95}.Release|x86.ActiveCfg = Release|Any CPU
		{46F2A782-7E07-4D29-9272-1C584075EE95}.Release|x86.Build.0 = Release|Any CPU
		{BA890F8C-57F1-4FC0-BF3D-241DA0DDD523}.Debug|Any CPU.ActiveCfg = Debug|Any CPU
		{BA890F8C-57F1-4FC0-BF3D-241DA0DDD523}.Debug|Any CPU.Build.0 = Debug|Any CPU
		{BA890F8C-57F1-4FC0-BF3D-241DA0DDD523}.Debug|x64.ActiveCfg = Debug|Any CPU
		{BA890F8C-57F1-4FC0-BF3D-241DA0DDD523}.Debug|x64.Build.0 = Debug|Any CPU
		{BA890F8C-57F1-4FC0-BF3D-241DA0DDD523}.Debug|x86.ActiveCfg = Debug|Any CPU
		{BA890F8C-57F1-4FC0-BF3D-241DA0DDD523}.Debug|x86.Build.0 = Debug|Any CPU
		{BA890F8C-57F1-4FC0-BF3D-241DA0DDD523}.Release|Any CPU.ActiveCfg = Release|Any CPU
		{BA890F8C-57F1-4FC0-BF3D-241DA0DDD523}.Release|Any CPU.Build.0 = Release|Any CPU
		{BA890F8C-57F1-4FC0-BF3D-241DA0DDD523}.Release|x64.ActiveCfg = Release|Any CPU
		{BA890F8C-57F1-4FC0-BF3D-241DA0DDD523}.Release|x64.Build.0 = Release|Any CPU
		{BA890F8C-57F1-4FC0-BF3D-241DA0DDD523}.Release|x86.ActiveCfg = Release|Any CPU
		{BA890F8C-57F1-4FC0-BF3D-241DA0DDD523}.Release|x86.Build.0 = Release|Any CPU
		{357EC942-74DE-4FA3-A6BF-36684D1EAC81}.Debug|Any CPU.ActiveCfg = Debug|Any CPU
		{357EC942-74DE-4FA3-A6BF-36684D1EAC81}.Debug|Any CPU.Build.0 = Debug|Any CPU
		{357EC942-74DE-4FA3-A6BF-36684D1EAC81}.Debug|x64.ActiveCfg = Debug|Any CPU
		{357EC942-74DE-4FA3-A6BF-36684D1EAC81}.Debug|x64.Build.0 = Debug|Any CPU
		{357EC942-74DE-4FA3-A6BF-36684D1EAC81}.Debug|x86.ActiveCfg = Debug|Any CPU
		{357EC942-74DE-4FA3-A6BF-36684D1EAC81}.Debug|x86.Build.0 = Debug|Any CPU
		{357EC942-74DE-4FA3-A6BF-36684D1EAC81}.Release|Any CPU.ActiveCfg = Release|Any CPU
		{357EC942-74DE-4FA3-A6BF-36684D1EAC81}.Release|Any CPU.Build.0 = Release|Any CPU
		{357EC942-74DE-4FA3-A6BF-36684D1EAC81}.Release|x64.ActiveCfg = Release|Any CPU
		{357EC942-74DE-4FA3-A6BF-36684D1EAC81}.Release|x64.Build.0 = Release|Any CPU
		{357EC942-74DE-4FA3-A6BF-36684D1EAC81}.Release|x86.ActiveCfg = Release|Any CPU
		{357EC942-74DE-4FA3-A6BF-36684D1EAC81}.Release|x86.Build.0 = Release|Any CPU
	EndGlobalSection
	GlobalSection(SolutionProperties) = preSolution
		HideSolutionNode = FALSE
	EndGlobalSection
	GlobalSection(NestedProjects) = preSolution
		{680D4A9A-D92F-4573-A71F-B0CE0F918F2E} = {827E0CD3-B72D-47B6-A68D-7590B98EB39B}
		{792C55E2-64C6-4F19-A08F-0C12D2595911} = {0AB3BF05-4346-4AA6-1389-037BE0695223}
		{8AAA9BEF-FED0-41F3-BD58-B8F31F5B0583} = {827E0CD3-B72D-47B6-A68D-7590B98EB39B}
		{BC8FE209-FAC6-458B-8346-8F6C5D4DA78D} = {0AB3BF05-4346-4AA6-1389-037BE0695223}
		{F07FB549-AC4C-4011-A37B-9D97F3DC9CA4} = {827E0CD3-B72D-47B6-A68D-7590B98EB39B}
		{CBB128F2-8CF3-4451-BABA-052D0D1B22C0} = {0AB3BF05-4346-4AA6-1389-037BE0695223}
		{F584E048-A602-4852-A4B7-1A1BA7CB5929} = {827E0CD3-B72D-47B6-A68D-7590B98EB39B}
		{46F2A782-7E07-4D29-9272-1C584075EE95} = {0AB3BF05-4346-4AA6-1389-037BE0695223}
		{BA890F8C-57F1-4FC0-BF3D-241DA0DDD523} = {827E0CD3-B72D-47B6-A68D-7590B98EB39B}
		{357EC942-74DE-4FA3-A6BF-36684D1EAC81} = {0AB3BF05-4346-4AA6-1389-037BE0695223}
	EndGlobalSection
EndGlobal
